
Microsoft Visual Studio Solution File, Format Version 12.00
# Visual Studio 2017
Project("{FAE04EC0-301F-11D3-BF4B-00C04F79EFBC}") = "HackDeHolo", "HackDeHolo.csproj", "{51628203-0C20-CB6E-CC0C-69B826F19B79}"
EndProject
Project("{FAE04EC0-301F-11D3-BF4B-00C04F79EFBC}") = "HackDeHolo.Editor", "HackDeHolo.Editor.csproj", "{8D862F0A-98C9-8EB8-7CA2-3BB9758C39F3}"
EndProject
Global
	GlobalSection(SolutionConfigurationPlatforms) = preSolution
		Debug|Any CPU = Debug|Any CPU
		Release|Any CPU = Release|Any CPU
	EndGlobalSection
	GlobalSection(ProjectConfigurationPlatforms) = postSolution
		{51628203-0C20-CB6E-CC0C-69B826F19B79}.Debug|Any CPU.ActiveCfg = Debug|Any CPU
		{51628203-0C20-CB6E-CC0C-69B826F19B79}.Debug|Any CPU.Build.0 = Debug|Any CPU
		{51628203-0C20-CB6E-CC0C-69B826F19B79}.Release|Any CPU.ActiveCfg = Release|Any CPU
		{51628203-0C20-CB6E-CC0C-69B826F19B79}.Release|Any CPU.Build.0 = Release|Any CPU
		{8D862F0A-98C9-8EB8-7CA2-3BB9758C39F3}.Debug|Any CPU.ActiveCfg = Debug|Any CPU
		{8D862F0A-98C9-8EB8-7CA2-3BB9758C39F3}.Debug|Any CPU.Build.0 = Debug|Any CPU
		{8D862F0A-98C9-8EB8-7CA2-3BB9758C39F3}.Release|Any CPU.ActiveCfg = Release|Any CPU
		{8D862F0A-98C9-8EB8-7CA2-3BB9758C39F3}.Release|Any CPU.Build.0 = Release|Any CPU
	EndGlobalSection
	GlobalSection(SolutionProperties) = preSolution
		HideSolutionNode = FALSE
	EndGlobalSection
EndGlobal
